
Microsoft Visual Studio Solution File, Format Version 12.00
# Visual Studio 15
VisualStudioVersion = 15.0.27130.2003
MinimumVisualStudioVersion = 10.0.40219.1
Project("{2150E333-8FDC-42A3-9474-1A3956D46DE8}") = "1-WebApplication", "1-WebApplication", "{E06A97A1-1331-4BF8-BD60-4ACBD723EBB6}"
EndProject
Project("{F184B08F-C81C-45F6-A57F-5ABD9991F28F}") = "AdevicoWeb", "..\1-WebApplication\AdevicoWeb\AdevicoWeb.vbproj", "{AB001D0E-4EA0-486F-8D69-4DB55D22BF95}"
EndProject
Project("{2150E333-8FDC-42A3-9474-1A3956D46DE8}") = "3-Business", "3-Business", "{0D4BB3F1-820E-43BA-BC16-151956E74CB3}"
EndProject
Project("{2150E333-8FDC-42A3-9474-1A3956D46DE8}") = "5-ExtService", "5-ExtService", "{4D4C6B44-2C8F-4CBA-B865-57D209123265}"
EndProject
Project("{2150E333-8FDC-42A3-9474-1A3956D46DE8}") = "2-Core", "2-Core", "{18230B50-1E50-40EA-85C9-93E6DB95DB9D}"
EndProject
Project("{2150E333-8FDC-42A3-9474-1A3956D46DE8}") = "3-Modules", "3-Modules", "{7B2B0C82-3286-4100-B9FE-D13C7A99999A}"
EndProject
Project("{2150E333-8FDC-42A3-9474-1A3956D46DE8}") = "9-AdevicoMIT_Library", "9-AdevicoMIT_Library", "{83FC5F6B-34D7-4F76-8733-19DFACD81CEF}"
EndProject
Project("{FAE04EC0-301F-11D3-BF4B-00C04F79EFBC}") = "lm.Comol.Core.DomainModel", "..\3-Business\2-Core\lm.Comol.Core.DomainModel\lm.Comol.Core.DomainModel.csproj", "{9B7DA676-5030-47CD-8B2B-A30A09C8D0B5}"
EndProject
Project("{FAE04EC0-301F-11D3-BF4B-00C04F79EFBC}") = "lm.Comol.Core.File", "..\3-Business\2-Core\lm.Comol.Core.File\lm.Comol.Core.File.csproj", "{FFA417B0-A44B-441A-921B-FEB57C5FD7DA}"
EndProject
Project("{FAE04EC0-301F-11D3-BF4B-00C04F79EFBC}") = "lm.Comol.Core.MailCommons", "..\3-Business\2-Core\lm.Comol.Core.MailCommons\lm.Comol.Core.MailCommons.csproj", "{428243CB-28CD-4D81-8099-74D1448B5E1D}"
EndProject
Project("{FAE04EC0-301F-11D3-BF4B-00C04F79EFBC}") = "lm.Comol.Core.BaseModules", "..\3-Business\3-Modules\lm.Comol.Core.BaseModules\lm.Comol.Core.BaseModules.csproj", "{7FAE537E-6ACF-4C65-9D68-E22AEC839EEA}"
EndProject
Project("{FAE04EC0-301F-11D3-BF4B-00C04F79EFBC}") = "lm.Comol.Core.Dss", "..\3-Business\3-Modules\lm.Comol.Core.Dss\lm.Comol.Core.Dss.csproj", "{5D1DEF77-9BEF-4912-A93B-0633186C69D2}"
EndProject
Project("{FAE04EC0-301F-11D3-BF4B-00C04F79EFBC}") = "lm.Comol.Modules.CallForPapers", "..\3-Business\3-Modules\lm.Comol.Modules.CallForPapers\lm.Comol.Modules.CallForPapers.csproj", "{86AC380F-16E0-4E8F-AF84-555E13EA456E}"
EndProject
Project("{FAE04EC0-301F-11D3-BF4B-00C04F79EFBC}") = "Adevico.Helpers", "..\5-ExtServices\Adevico.Helpers\Adevico.Helpers.csproj", "{BAE14539-67D2-4007-9E9E-9D20C2A9E69B}"
EndProject
Project("{FAE04EC0-301F-11D3-BF4B-00C04F79EFBC}") = "Adevico.SNMPSenderConnector", "..\5-ExtServices\Adevico.SNMPSenderConnector\Adevico.SNMPSenderConnector.csproj", "{5F64B0E3-6DE1-4D19-9CA7-A5EF80C10B67}"
EndProject
Project("{FAE04EC0-301F-11D3-BF4B-00C04F79EFBC}") = "Adevico.WebSNMTP", "..\5-ExtServices\Adevico.WebSNMTP\Adevico.WebSNMTP.csproj", "{172C9CBD-D6A8-4283-A166-7ADDBE4E69B3}"
EndProject
Project("{FAE04EC0-301F-11D3-BF4B-00C04F79EFBC}") = "lm.Comol.MitLibrary", "..\9-AdevicoMIT_Library\lm.Comol.MitLibrary\lm.Comol.MitLibrary.csproj", "{0C1E9A80-CD05-4DF6-9CAB-58DC27850974}"
EndProject
Project("{2150E333-8FDC-42A3-9474-1A3956D46DE8}") = "1-OldProject", "1-OldProject", "{4FDCFAF2-0BE8-43F6-902F-EF202C9E618C}"
EndProject
Project("{F184B08F-C81C-45F6-A57F-5ABD9991F28F}") = "COL_PresentationLayer", "..\3-Business\1-OldProject\COL_Presentation\COL_PresentationLayer.vbproj", "{DC39C9FE-04E3-4817-BC75-1C89EF95F2D0}"
	ProjectSection(ProjectDependencies) = postProject
		{4B3B3BA0-3835-4955-8B8F-E6E947526AD9} = {4B3B3BA0-3835-4955-8B8F-E6E947526AD9}
		{172C9CBD-D6A8-4283-A166-7ADDBE4E69B3} = {172C9CBD-D6A8-4283-A166-7ADDBE4E69B3}
	EndProjectSection
EndProject
Project("{2150E333-8FDC-42A3-9474-1A3956D46DE8}") = "4-Services", "4-Services", "{FDABA951-F9E1-4FAA-8F33-11E7E30C7812}"
EndProject
Project("{2150E333-8FDC-42A3-9474-1A3956D46DE8}") = "WebSetrvice", "WebSetrvice", "{053F5E7A-0F2C-4EA6-A5DE-644E680B12A0}"
EndProject
Project("{FAE04EC0-301F-11D3-BF4B-00C04F79EFBC}") = "WCF_CoreServices", "..\4-Services\WebServices\WCF_CoreServices\WCF_CoreServices.csproj", "{4B3B3BA0-3835-4955-8B8F-E6E947526AD9}"
EndProject
Project("{FAE04EC0-301F-11D3-BF4B-00C04F79EFBC}") = "Documentation", "..\Documentation\Documentation.csproj", "{5E2C43EA-12E6-496E-8D60-0A6A1C11C1BF}"
EndProject
Global
	GlobalSection(SolutionConfigurationPlatforms) = preSolution
		Debug|Any CPU = Debug|Any CPU
		Release|Any CPU = Release|Any CPU
	EndGlobalSection
	GlobalSection(ProjectConfigurationPlatforms) = postSolution
		{AB001D0E-4EA0-486F-8D69-4DB55D22BF95}.Debug|Any CPU.ActiveCfg = Debug|Any CPU
		{AB001D0E-4EA0-486F-8D69-4DB55D22BF95}.Debug|Any CPU.Build.0 = Debug|Any CPU
		{AB001D0E-4EA0-486F-8D69-4DB55D22BF95}.Release|Any CPU.ActiveCfg = Release|Any CPU
		{AB001D0E-4EA0-486F-8D69-4DB55D22BF95}.Release|Any CPU.Build.0 = Release|Any CPU
		{9B7DA676-5030-47CD-8B2B-A30A09C8D0B5}.Debug|Any CPU.ActiveCfg = Debug|Any CPU
		{9B7DA676-5030-47CD-8B2B-A30A09C8D0B5}.Debug|Any CPU.Build.0 = Debug|Any CPU
		{9B7DA676-5030-47CD-8B2B-A30A09C8D0B5}.Release|Any CPU.ActiveCfg = Release|Any CPU
		{9B7DA676-5030-47CD-8B2B-A30A09C8D0B5}.Release|Any CPU.Build.0 = Release|Any CPU
		{FFA417B0-A44B-441A-921B-FEB57C5FD7DA}.Debug|Any CPU.ActiveCfg = Debug|Any CPU
		{FFA417B0-A44B-441A-921B-FEB57C5FD7DA}.Debug|Any CPU.Build.0 = Debug|Any CPU
		{FFA417B0-A44B-441A-921B-FEB57C5FD7DA}.Release|Any CPU.ActiveCfg = Release|Any CPU
		{FFA417B0-A44B-441A-921B-FEB57C5FD7DA}.Release|Any CPU.Build.0 = Release|Any CPU
		{428243CB-28CD-4D81-8099-74D1448B5E1D}.Debug|Any CPU.ActiveCfg = Debug|Any CPU
		{428243CB-28CD-4D81-8099-74D1448B5E1D}.Debug|Any CPU.Build.0 = Debug|Any CPU
		{428243CB-28CD-4D81-8099-74D1448B5E1D}.Release|Any CPU.ActiveCfg = Release|Any CPU
		{428243CB-28CD-4D81-8099-74D1448B5E1D}.Release|Any CPU.Build.0 = Release|Any CPU
		{7FAE537E-6ACF-4C65-9D68-E22AEC839EEA}.Debug|Any CPU.ActiveCfg = Debug|Any CPU
		{7FAE537E-6ACF-4C65-9D68-E22AEC839EEA}.Debug|Any CPU.Build.0 = Debug|Any CPU
		{7FAE537E-6ACF-4C65-9D68-E22AEC839EEA}.Release|Any CPU.ActiveCfg = Release|Any CPU
		{7FAE537E-6ACF-4C65-9D68-E22AEC839EEA}.Release|Any CPU.Build.0 = Release|Any CPU
		{5D1DEF77-9BEF-4912-A93B-0633186C69D2}.Debug|Any CPU.ActiveCfg = Debug|Any CPU
		{5D1DEF77-9BEF-4912-A93B-0633186C69D2}.Debug|Any CPU.Build.0 = Debug|Any CPU
		{5D1DEF77-9BEF-4912-A93B-0633186C69D2}.Release|Any CPU.ActiveCfg = Release|Any CPU
		{5D1DEF77-9BEF-4912-A93B-0633186C69D2}.Release|Any CPU.Build.0 = Release|Any CPU
		{86AC380F-16E0-4E8F-AF84-555E13EA456E}.Debug|Any CPU.ActiveCfg = Debug|Any CPU
		{86AC380F-16E0-4E8F-AF84-555E13EA456E}.Debug|Any CPU.Build.0 = Debug|Any CPU
		{86AC380F-16E0-4E8F-AF84-555E13EA456E}.Release|Any CPU.ActiveCfg = Release|Any CPU
		{86AC380F-16E0-4E8F-AF84-555E13EA456E}.Release|Any CPU.Build.0 = Release|Any CPU
		{BAE14539-67D2-4007-9E9E-9D20C2A9E69B}.Debug|Any CPU.ActiveCfg = Debug|Any CPU
		{BAE14539-67D2-4007-9E9E-9D20C2A9E69B}.Debug|Any CPU.Build.0 = Debug|Any CPU
		{BAE14539-67D2-4007-9E9E-9D20C2A9E69B}.Release|Any CPU.ActiveCfg = Release|Any CPU
		{BAE14539-67D2-4007-9E9E-9D20C2A9E69B}.Release|Any CPU.Build.0 = Release|Any CPU
		{5F64B0E3-6DE1-4D19-9CA7-A5EF80C10B67}.Debug|Any CPU.ActiveCfg = Debug|Any CPU
		{5F64B0E3-6DE1-4D19-9CA7-A5EF80C10B67}.Debug|Any CPU.Build.0 = Debug|Any CPU
		{5F64B0E3-6DE1-4D19-9CA7-A5EF80C10B67}.Release|Any CPU.ActiveCfg = Release|Any CPU
		{5F64B0E3-6DE1-4D19-9CA7-A5EF80C10B67}.Release|Any CPU.Build.0 = Release|Any CPU
		{172C9CBD-D6A8-4283-A166-7ADDBE4E69B3}.Debug|Any CPU.ActiveCfg = Debug|Any CPU
		{172C9CBD-D6A8-4283-A166-7ADDBE4E69B3}.Debug|Any CPU.Build.0 = Debug|Any CPU
		{172C9CBD-D6A8-4283-A166-7ADDBE4E69B3}.Release|Any CPU.ActiveCfg = Release|Any CPU
		{172C9CBD-D6A8-4283-A166-7ADDBE4E69B3}.Release|Any CPU.Build.0 = Release|Any CPU
		{0C1E9A80-CD05-4DF6-9CAB-58DC27850974}.Debug|Any CPU.ActiveCfg = Debug|Any CPU
		{0C1E9A80-CD05-4DF6-9CAB-58DC27850974}.Debug|Any CPU.Build.0 = Debug|Any CPU
		{0C1E9A80-CD05-4DF6-9CAB-58DC27850974}.Release|Any CPU.ActiveCfg = Release|Any CPU
		{0C1E9A80-CD05-4DF6-9CAB-58DC27850974}.Release|Any CPU.Build.0 = Release|Any CPU
		{DC39C9FE-04E3-4817-BC75-1C89EF95F2D0}.Debug|Any CPU.ActiveCfg = Debug|Any CPU
		{DC39C9FE-04E3-4817-BC75-1C89EF95F2D0}.Debug|Any CPU.Build.0 = Debug|Any CPU
		{DC39C9FE-04E3-4817-BC75-1C89EF95F2D0}.Release|Any CPU.ActiveCfg = Release|Any CPU
		{DC39C9FE-04E3-4817-BC75-1C89EF95F2D0}.Release|Any CPU.Build.0 = Release|Any CPU
		{4B3B3BA0-3835-4955-8B8F-E6E947526AD9}.Debug|Any CPU.ActiveCfg = Debug|Any CPU
		{4B3B3BA0-3835-4955-8B8F-E6E947526AD9}.Debug|Any CPU.Build.0 = Debug|Any CPU
		{4B3B3BA0-3835-4955-8B8F-E6E947526AD9}.Release|Any CPU.ActiveCfg = Release|Any CPU
		{4B3B3BA0-3835-4955-8B8F-E6E947526AD9}.Release|Any CPU.Build.0 = Release|Any CPU
		{5E2C43EA-12E6-496E-8D60-0A6A1C11C1BF}.Debug|Any CPU.ActiveCfg = Debug|Any CPU
		{5E2C43EA-12E6-496E-8D60-0A6A1C11C1BF}.Debug|Any CPU.Build.0 = Debug|Any CPU
		{5E2C43EA-12E6-496E-8D60-0A6A1C11C1BF}.Release|Any CPU.ActiveCfg = Release|Any CPU
		{5E2C43EA-12E6-496E-8D60-0A6A1C11C1BF}.Release|Any CPU.Build.0 = Release|Any CPU
	EndGlobalSection
	GlobalSection(SolutionProperties) = preSolution
		HideSolutionNode = FALSE
	EndGlobalSection
	GlobalSection(NestedProjects) = preSolution
		{AB001D0E-4EA0-486F-8D69-4DB55D22BF95} = {E06A97A1-1331-4BF8-BD60-4ACBD723EBB6}
		{18230B50-1E50-40EA-85C9-93E6DB95DB9D} = {0D4BB3F1-820E-43BA-BC16-151956E74CB3}
		{7B2B0C82-3286-4100-B9FE-D13C7A99999A} = {0D4BB3F1-820E-43BA-BC16-151956E74CB3}
		{9B7DA676-5030-47CD-8B2B-A30A09C8D0B5} = {18230B50-1E50-40EA-85C9-93E6DB95DB9D}
		{FFA417B0-A44B-441A-921B-FEB57C5FD7DA} = {18230B50-1E50-40EA-85C9-93E6DB95DB9D}
		{428243CB-28CD-4D81-8099-74D1448B5E1D} = {18230B50-1E50-40EA-85C9-93E6DB95DB9D}
		{7FAE537E-6ACF-4C65-9D68-E22AEC839EEA} = {7B2B0C82-3286-4100-B9FE-D13C7A99999A}
		{5D1DEF77-9BEF-4912-A93B-0633186C69D2} = {7B2B0C82-3286-4100-B9FE-D13C7A99999A}
		{86AC380F-16E0-4E8F-AF84-555E13EA456E} = {7B2B0C82-3286-4100-B9FE-D13C7A99999A}
		{BAE14539-67D2-4007-9E9E-9D20C2A9E69B} = {4D4C6B44-2C8F-4CBA-B865-57D209123265}
		{5F64B0E3-6DE1-4D19-9CA7-A5EF80C10B67} = {4D4C6B44-2C8F-4CBA-B865-57D209123265}
		{172C9CBD-D6A8-4283-A166-7ADDBE4E69B3} = {4D4C6B44-2C8F-4CBA-B865-57D209123265}
		{0C1E9A80-CD05-4DF6-9CAB-58DC27850974} = {83FC5F6B-34D7-4F76-8733-19DFACD81CEF}
		{4FDCFAF2-0BE8-43F6-902F-EF202C9E618C} = {0D4BB3F1-820E-43BA-BC16-151956E74CB3}
		{DC39C9FE-04E3-4817-BC75-1C89EF95F2D0} = {4FDCFAF2-0BE8-43F6-902F-EF202C9E618C}
		{053F5E7A-0F2C-4EA6-A5DE-644E680B12A0} = {FDABA951-F9E1-4FAA-8F33-11E7E30C7812}
		{4B3B3BA0-3835-4955-8B8F-E6E947526AD9} = {053F5E7A-0F2C-4EA6-A5DE-644E680B12A0}
	EndGlobalSection
	GlobalSection(ExtensibilityGlobals) = postSolution
		SolutionGuid = {3F19AFC7-E414-49CC-8F9A-D5F7BE18CD71}
	EndGlobalSection
EndGlobal
